// !$*UTF8*$!
{
	archiveVersion = 1;
	classes = {
	};
	objectVersion = 46;
	objects = {

/* Begin PBXBuildFile section */
		7D7658481B39D2C000D4D6F4 /* EssentialStorageController.m in Sources */ = {isa = PBXBuildFile; fileRef = 7D7658471B39D2C000D4D6F4 /* EssentialStorageController.m */; };
		7D76584B1B39D33600D4D6F4 /* EssentialFoodEntry.m in Sources */ = {isa = PBXBuildFile; fileRef = 7D76584A1B39D33600D4D6F4 /* EssentialFoodEntry.m */; };
		7D76584E1B3B0C3000D4D6F4 /* AddFoodEntryViewController.m in Sources */ = {isa = PBXBuildFile; fileRef = 7D76584D1B3B0C3000D4D6F4 /* AddFoodEntryViewController.m */; };
		7DD2DF721B34BBB6006FB8E2 /* NetworkingController.m in Sources */ = {isa = PBXBuildFile; fileRef = 7DD2DF711B34BBB6006FB8E2 /* NetworkingController.m */; };
		7DD2DF761B34C06F006FB8E2 /* FoodStorageViewController.m in Sources */ = {isa = PBXBuildFile; fileRef = 7DD2DF751B34C06F006FB8E2 /* FoodStorageViewController.m */; };
		7DEDE1941B331D7100AF11F2 /* main.m in Sources */ = {isa = PBXBuildFile; fileRef = 7DEDE1931B331D7100AF11F2 /* main.m */; };
		7DEDE1971B331D7100AF11F2 /* AppDelegate.m in Sources */ = {isa = PBXBuildFile; fileRef = 7DEDE1961B331D7100AF11F2 /* AppDelegate.m */; };
		7DEDE19A1B331D7100AF11F2 /* MainViewController.m in Sources */ = {isa = PBXBuildFile; fileRef = 7DEDE1991B331D7100AF11F2 /* MainViewController.m */; };
		7DEDE19D1B331D7100AF11F2 /* Main.storyboard in Resources */ = {isa = PBXBuildFile; fileRef = 7DEDE19B1B331D7100AF11F2 /* Main.storyboard */; };
		7DEDE19F1B331D7100AF11F2 /* Images.xcassets in Resources */ = {isa = PBXBuildFile; fileRef = 7DEDE19E1B331D7100AF11F2 /* Images.xcassets */; };
		7DEDE1A21B331D7100AF11F2 /* LaunchScreen.xib in Resources */ = {isa = PBXBuildFile; fileRef = 7DEDE1A01B331D7100AF11F2 /* LaunchScreen.xib */; };
		7DEDE1AE1B331D7100AF11F2 /* FoodStorageNSUTests.m in Sources */ = {isa = PBXBuildFile; fileRef = 7DEDE1AD1B331D7100AF11F2 /* FoodStorageNSUTests.m */; };
		7DEDE1B91B331E6000AF11F2 /* StorageController.m in Sources */ = {isa = PBXBuildFile; fileRef = 7DEDE1B81B331E6000AF11F2 /* StorageController.m */; };
		7DEDE1BC1B331EA200AF11F2 /* FoodEntry.m in Sources */ = {isa = PBXBuildFile; fileRef = 7DEDE1BB1B331EA200AF11F2 /* FoodEntry.m */; };
		7DEDE1BF1B33261500AF11F2 /* CalculatorViewController.m in Sources */ = {isa = PBXBuildFile; fileRef = 7DEDE1BE1B33261500AF11F2 /* CalculatorViewController.m */; };
		7DEDE1C51B3326DC00AF11F2 /* CalculatorController.m in Sources */ = {isa = PBXBuildFile; fileRef = 7DEDE1C41B3326DC00AF11F2 /* CalculatorController.m */; };
		7DEDE1C81B3326EC00AF11F2 /* Calculator.m in Sources */ = {isa = PBXBuildFile; fileRef = 7DEDE1C71B3326EC00AF11F2 /* Calculator.m */; };
		7DEDE1D21B336F3E00AF11F2 /* BarCodeViewController.m in Sources */ = {isa = PBXBuildFile; fileRef = 7DEDE1D11B336F3E00AF11F2 /* BarCodeViewController.m */; };
/* End PBXBuildFile section */

/* Begin PBXContainerItemProxy section */
		7DEDE1A81B331D7100AF11F2 /* PBXContainerItemProxy */ = {
			isa = PBXContainerItemProxy;
			containerPortal = 7DEDE1861B331D7100AF11F2 /* Project object */;
			proxyType = 1;
			remoteGlobalIDString = 7DEDE18D1B331D7100AF11F2;
			remoteInfo = FoodStorageNSU;
		};
/* End PBXContainerItemProxy section */

/* Begin PBXFileReference section */
		7D7658461B39D2C000D4D6F4 /* EssentialStorageController.h */ = {isa = PBXFileReference; fileEncoding = 4; lastKnownFileType = sourcecode.c.h; path = EssentialStorageController.h; sourceTree = "<group>"; };
		7D7658471B39D2C000D4D6F4 /* EssentialStorageController.m */ = {isa = PBXFileReference; fileEncoding = 4; lastKnownFileType = sourcecode.c.objc; path = EssentialStorageController.m; sourceTree = "<group>"; };
		7D7658491B39D33600D4D6F4 /* EssentialFoodEntry.h */ = {isa = PBXFileReference; fileEncoding = 4; lastKnownFileType = sourcecode.c.h; path = EssentialFoodEntry.h; sourceTree = "<group>"; };
		7D76584A1B39D33600D4D6F4 /* EssentialFoodEntry.m */ = {isa = PBXFileReference; fileEncoding = 4; lastKnownFileType = sourcecode.c.objc; path = EssentialFoodEntry.m; sourceTree = "<group>"; };
		7D76584C1B3B0C3000D4D6F4 /* AddFoodEntryViewController.h */ = {isa = PBXFileReference; fileEncoding = 4; lastKnownFileType = sourcecode.c.h; path = AddFoodEntryViewController.h; sourceTree = "<group>"; };
		7D76584D1B3B0C3000D4D6F4 /* AddFoodEntryViewController.m */ = {isa = PBXFileReference; fileEncoding = 4; lastKnownFileType = sourcecode.c.objc; path = AddFoodEntryViewController.m; sourceTree = "<group>"; };
		7DD2DF701B34BBB6006FB8E2 /* NetworkingController.h */ = {isa = PBXFileReference; fileEncoding = 4; lastKnownFileType = sourcecode.c.h; path = NetworkingController.h; sourceTree = "<group>"; };
		7DD2DF711B34BBB6006FB8E2 /* NetworkingController.m */ = {isa = PBXFileReference; fileEncoding = 4; lastKnownFileType = sourcecode.c.objc; path = NetworkingController.m; sourceTree = "<group>"; };
		7DD2DF741B34C06F006FB8E2 /* FoodStorageViewController.h */ = {isa = PBXFileReference; fileEncoding = 4; lastKnownFileType = sourcecode.c.h; path = FoodStorageViewController.h; sourceTree = "<group>"; };
		7DD2DF751B34C06F006FB8E2 /* FoodStorageViewController.m */ = {isa = PBXFileReference; fileEncoding = 4; lastKnownFileType = sourcecode.c.objc; path = FoodStorageViewController.m; sourceTree = "<group>"; };
		7DEDE18E1B331D7100AF11F2 /* FoodStorageNSU.app */ = {isa = PBXFileReference; explicitFileType = wrapper.application; includeInIndex = 0; path = FoodStorageNSU.app; sourceTree = BUILT_PRODUCTS_DIR; };
		7DEDE1921B331D7100AF11F2 /* Info.plist */ = {isa = PBXFileReference; lastKnownFileType = text.plist.xml; path = Info.plist; sourceTree = "<group>"; };
		7DEDE1931B331D7100AF11F2 /* main.m */ = {isa = PBXFileReference; lastKnownFileType = sourcecode.c.objc; path = main.m; sourceTree = "<group>"; };
		7DEDE1951B331D7100AF11F2 /* AppDelegate.h */ = {isa = PBXFileReference; lastKnownFileType = sourcecode.c.h; path = AppDelegate.h; sourceTree = "<group>"; };
		7DEDE1961B331D7100AF11F2 /* AppDelegate.m */ = {isa = PBXFileReference; lastKnownFileType = sourcecode.c.objc; path = AppDelegate.m; sourceTree = "<group>"; };
		7DEDE1981B331D7100AF11F2 /* MainViewController.h */ = {isa = PBXFileReference; lastKnownFileType = sourcecode.c.h; path = MainViewController.h; sourceTree = "<group>"; };
		7DEDE1991B331D7100AF11F2 /* MainViewController.m */ = {isa = PBXFileReference; lastKnownFileType = sourcecode.c.objc; path = MainViewController.m; sourceTree = "<group>"; };
		7DEDE19C1B331D7100AF11F2 /* Base */ = {isa = PBXFileReference; lastKnownFileType = file.storyboard; name = Base; path = Base.lproj/Main.storyboard; sourceTree = "<group>"; };
		7DEDE19E1B331D7100AF11F2 /* Images.xcassets */ = {isa = PBXFileReference; lastKnownFileType = folder.assetcatalog; path = Images.xcassets; sourceTree = "<group>"; };
		7DEDE1A11B331D7100AF11F2 /* Base */ = {isa = PBXFileReference; lastKnownFileType = file.xib; name = Base; path = Base.lproj/LaunchScreen.xib; sourceTree = "<group>"; };
		7DEDE1A71B331D7100AF11F2 /* FoodStorageNSUTests.xctest */ = {isa = PBXFileReference; explicitFileType = wrapper.cfbundle; includeInIndex = 0; path = FoodStorageNSUTests.xctest; sourceTree = BUILT_PRODUCTS_DIR; };
		7DEDE1AC1B331D7100AF11F2 /* Info.plist */ = {isa = PBXFileReference; lastKnownFileType = text.plist.xml; path = Info.plist; sourceTree = "<group>"; };
		7DEDE1AD1B331D7100AF11F2 /* FoodStorageNSUTests.m */ = {isa = PBXFileReference; lastKnownFileType = sourcecode.c.objc; path = FoodStorageNSUTests.m; sourceTree = "<group>"; };
		7DEDE1B71B331E6000AF11F2 /* StorageController.h */ = {isa = PBXFileReference; fileEncoding = 4; lastKnownFileType = sourcecode.c.h; name = StorageController.h; path = ../StorageController.h; sourceTree = "<group>"; };
		7DEDE1B81B331E6000AF11F2 /* StorageController.m */ = {isa = PBXFileReference; fileEncoding = 4; lastKnownFileType = sourcecode.c.objc; name = StorageController.m; path = ../StorageController.m; sourceTree = "<group>"; };
		7DEDE1BA1B331EA200AF11F2 /* FoodEntry.h */ = {isa = PBXFileReference; fileEncoding = 4; lastKnownFileType = sourcecode.c.h; path = FoodEntry.h; sourceTree = "<group>"; };
		7DEDE1BB1B331EA200AF11F2 /* FoodEntry.m */ = {isa = PBXFileReference; fileEncoding = 4; lastKnownFileType = sourcecode.c.objc; path = FoodEntry.m; sourceTree = "<group>"; };
		7DEDE1BD1B33261500AF11F2 /* CalculatorViewController.h */ = {isa = PBXFileReference; fileEncoding = 4; lastKnownFileType = sourcecode.c.h; path = CalculatorViewController.h; sourceTree = "<group>"; };
		7DEDE1BE1B33261500AF11F2 /* CalculatorViewController.m */ = {isa = PBXFileReference; fileEncoding = 4; lastKnownFileType = sourcecode.c.objc; path = CalculatorViewController.m; sourceTree = "<group>"; };
		7DEDE1C31B3326DC00AF11F2 /* CalculatorController.h */ = {isa = PBXFileReference; fileEncoding = 4; lastKnownFileType = sourcecode.c.h; path = CalculatorController.h; sourceTree = "<group>"; };
		7DEDE1C41B3326DC00AF11F2 /* CalculatorController.m */ = {isa = PBXFileReference; fileEncoding = 4; lastKnownFileType = sourcecode.c.objc; path = CalculatorController.m; sourceTree = "<group>"; };
		7DEDE1C61B3326EC00AF11F2 /* Calculator.h */ = {isa = PBXFileReference; fileEncoding = 4; lastKnownFileType = sourcecode.c.h; path = Calculator.h; sourceTree = "<group>"; };
		7DEDE1C71B3326EC00AF11F2 /* Calculator.m */ = {isa = PBXFileReference; fileEncoding = 4; lastKnownFileType = sourcecode.c.objc; path = Calculator.m; sourceTree = "<group>"; };
		7DEDE1D01B336F3E00AF11F2 /* BarCodeViewController.h */ = {isa = PBXFileReference; fileEncoding = 4; lastKnownFileType = sourcecode.c.h; path = BarCodeViewController.h; sourceTree = "<group>"; };
		7DEDE1D11B336F3E00AF11F2 /* BarCodeViewController.m */ = {isa = PBXFileReference; fileEncoding = 4; lastKnownFileType = sourcecode.c.objc; path = BarCodeViewController.m; sourceTree = "<group>"; };
/* End PBXFileReference section */

/* Begin PBXFrameworksBuildPhase section */
		7DEDE18B1B331D7100AF11F2 /* Frameworks */ = {
			isa = PBXFrameworksBuildPhase;
			buildActionMask = 2147483647;
			files = (
			);
			runOnlyForDeploymentPostprocessing = 0;
		};
		7DEDE1A41B331D7100AF11F2 /* Frameworks */ = {
			isa = PBXFrameworksBuildPhase;
			buildActionMask = 2147483647;
			files = (
			);
			runOnlyForDeploymentPostprocessing = 0;
		};
/* End PBXFrameworksBuildPhase section */

/* Begin PBXGroup section */
		7DD2DF731B34C01F006FB8E2 /* Food */ = {
			isa = PBXGroup;
			children = (
				7DEDE1BA1B331EA200AF11F2 /* FoodEntry.h */,
				7DEDE1BB1B331EA200AF11F2 /* FoodEntry.m */,
				7D76584C1B3B0C3000D4D6F4 /* AddFoodEntryViewController.h */,
				7D76584D1B3B0C3000D4D6F4 /* AddFoodEntryViewController.m */,
				7DD2DF741B34C06F006FB8E2 /* FoodStorageViewController.h */,
				7DD2DF751B34C06F006FB8E2 /* FoodStorageViewController.m */,
				7D7658491B39D33600D4D6F4 /* EssentialFoodEntry.h */,
				7D76584A1B39D33600D4D6F4 /* EssentialFoodEntry.m */,
			);
			name = Food;
			sourceTree = "<group>";
		};
		7DEDE1851B331D7100AF11F2 = {
			isa = PBXGroup;
			children = (
				7DEDE1901B331D7100AF11F2 /* FoodStorageNSU */,
				7DEDE1AA1B331D7100AF11F2 /* FoodStorageNSUTests */,
				7DEDE18F1B331D7100AF11F2 /* Products */,
			);
			sourceTree = "<group>";
		};
		7DEDE18F1B331D7100AF11F2 /* Products */ = {
			isa = PBXGroup;
			children = (
				7DEDE18E1B331D7100AF11F2 /* FoodStorageNSU.app */,
				7DEDE1A71B331D7100AF11F2 /* FoodStorageNSUTests.xctest */,
			);
			name = Products;
			sourceTree = "<group>";
		};
		7DEDE1901B331D7100AF11F2 /* FoodStorageNSU */ = {
			isa = PBXGroup;
			children = (
				7DEDE19B1B331D7100AF11F2 /* Main.storyboard */,
				7DEDE1D31B336FBB00AF11F2 /* NetworkController */,
				7DEDE1CB1B33274B00AF11F2 /* MainView */,
				7DEDE1CC1B336D7D00AF11F2 /* Barcode */,
				7DEDE1C91B3326F500AF11F2 /* Calculator */,
				7DD2DF731B34C01F006FB8E2 /* Food */,
				7DEDE1CA1B33270F00AF11F2 /* Storage */,
				7DEDE19E1B331D7100AF11F2 /* Images.xcassets */,
				7DEDE1A01B331D7100AF11F2 /* LaunchScreen.xib */,
				7DEDE1911B331D7100AF11F2 /* Supporting Files */,
			);
			path = FoodStorageNSU;
			sourceTree = "<group>";
		};
		7DEDE1911B331D7100AF11F2 /* Supporting Files */ = {
			isa = PBXGroup;
			children = (
				7DEDE1921B331D7100AF11F2 /* Info.plist */,
				7DEDE1931B331D7100AF11F2 /* main.m */,
			);
			name = "Supporting Files";
			sourceTree = "<group>";
		};
		7DEDE1AA1B331D7100AF11F2 /* FoodStorageNSUTests */ = {
			isa = PBXGroup;
			children = (
				7DEDE1AD1B331D7100AF11F2 /* FoodStorageNSUTests.m */,
				7DEDE1AB1B331D7100AF11F2 /* Supporting Files */,
			);
			path = FoodStorageNSUTests;
			sourceTree = "<group>";
		};
		7DEDE1AB1B331D7100AF11F2 /* Supporting Files */ = {
			isa = PBXGroup;
			children = (
				7DEDE1AC1B331D7100AF11F2 /* Info.plist */,
			);
			name = "Supporting Files";
			sourceTree = "<group>";
		};
		7DEDE1C91B3326F500AF11F2 /* Calculator */ = {
			isa = PBXGroup;
			children = (
				7DEDE1C31B3326DC00AF11F2 /* CalculatorController.h */,
				7DEDE1C41B3326DC00AF11F2 /* CalculatorController.m */,
				7DEDE1C61B3326EC00AF11F2 /* Calculator.h */,
				7DEDE1C71B3326EC00AF11F2 /* Calculator.m */,
				7DEDE1BD1B33261500AF11F2 /* CalculatorViewController.h */,
				7DEDE1BE1B33261500AF11F2 /* CalculatorViewController.m */,
			);
			name = Calculator;
			sourceTree = "<group>";
		};
		7DEDE1CA1B33270F00AF11F2 /* Storage */ = {
			isa = PBXGroup;
			children = (
				7DEDE1B71B331E6000AF11F2 /* StorageController.h */,
				7DEDE1B81B331E6000AF11F2 /* StorageController.m */,
				7D7658461B39D2C000D4D6F4 /* EssentialStorageController.h */,
				7D7658471B39D2C000D4D6F4 /* EssentialStorageController.m */,
			);
			name = Storage;
			sourceTree = "<group>";
		};
		7DEDE1CB1B33274B00AF11F2 /* MainView */ = {
			isa = PBXGroup;
			children = (
				7DEDE1951B331D7100AF11F2 /* AppDelegate.h */,
				7DEDE1961B331D7100AF11F2 /* AppDelegate.m */,
				7DEDE1981B331D7100AF11F2 /* MainViewController.h */,
				7DEDE1991B331D7100AF11F2 /* MainViewController.m */,
			);
			name = MainView;
			sourceTree = "<group>";
		};
		7DEDE1CC1B336D7D00AF11F2 /* Barcode */ = {
			isa = PBXGroup;
			children = (
				7DEDE1D01B336F3E00AF11F2 /* BarCodeViewController.h */,
				7DEDE1D11B336F3E00AF11F2 /* BarCodeViewController.m */,
			);
			name = Barcode;
			sourceTree = "<group>";
		};
		7DEDE1D31B336FBB00AF11F2 /* NetworkController */ = {
			isa = PBXGroup;
			children = (
				7DD2DF701B34BBB6006FB8E2 /* NetworkingController.h */,
				7DD2DF711B34BBB6006FB8E2 /* NetworkingController.m */,
			);
			name = NetworkController;
			sourceTree = "<group>";
		};
/* End PBXGroup section */

/* Begin PBXNativeTarget section */
		7DEDE18D1B331D7100AF11F2 /* FoodStorageNSU */ = {
			isa = PBXNativeTarget;
			buildConfigurationList = 7DEDE1B11B331D7100AF11F2 /* Build configuration list for PBXNativeTarget "FoodStorageNSU" */;
			buildPhases = (
				7DEDE18A1B331D7100AF11F2 /* Sources */,
				7DEDE18B1B331D7100AF11F2 /* Frameworks */,
				7DEDE18C1B331D7100AF11F2 /* Resources */,
			);
			buildRules = (
			);
			dependencies = (
			);
			name = FoodStorageNSU;
			productName = FoodStorageNSU;
			productReference = 7DEDE18E1B331D7100AF11F2 /* FoodStorageNSU.app */;
			productType = "com.apple.product-type.application";
		};
		7DEDE1A61B331D7100AF11F2 /* FoodStorageNSUTests */ = {
			isa = PBXNativeTarget;
			buildConfigurationList = 7DEDE1B41B331D7100AF11F2 /* Build configuration list for PBXNativeTarget "FoodStorageNSUTests" */;
			buildPhases = (
				7DEDE1A31B331D7100AF11F2 /* Sources */,
				7DEDE1A41B331D7100AF11F2 /* Frameworks */,
				7DEDE1A51B331D7100AF11F2 /* Resources */,
			);
			buildRules = (
			);
			dependencies = (
				7DEDE1A91B331D7100AF11F2 /* PBXTargetDependency */,
			);
			name = FoodStorageNSUTests;
			productName = FoodStorageNSUTests;
			productReference = 7DEDE1A71B331D7100AF11F2 /* FoodStorageNSUTests.xctest */;
			productType = "com.apple.product-type.bundle.unit-test";
		};
/* End PBXNativeTarget section */

/* Begin PBXProject section */
		7DEDE1861B331D7100AF11F2 /* Project object */ = {
			isa = PBXProject;
			attributes = {
				LastUpgradeCheck = 0630;
				ORGANIZATIONNAME = "Austin Mecham";
				TargetAttributes = {
					7DEDE18D1B331D7100AF11F2 = {
						CreatedOnToolsVersion = 6.3.2;
					};
					7DEDE1A61B331D7100AF11F2 = {
						CreatedOnToolsVersion = 6.3.2;
						TestTargetID = 7DEDE18D1B331D7100AF11F2;
					};
				};
			};
			buildConfigurationList = 7DEDE1891B331D7100AF11F2 /* Build configuration list for PBXProject "FoodStorageNSU" */;
			compatibilityVersion = "Xcode 3.2";
			developmentRegion = English;
			hasScannedForEncodings = 0;
			knownRegions = (
				en,
				Base,
			);
			mainGroup = 7DEDE1851B331D7100AF11F2;
			productRefGroup = 7DEDE18F1B331D7100AF11F2 /* Products */;
			projectDirPath = "";
			projectRoot = "";
			targets = (
				7DEDE18D1B331D7100AF11F2 /* FoodStorageNSU */,
				7DEDE1A61B331D7100AF11F2 /* FoodStorageNSUTests */,
			);
		};
/* End PBXProject section */

/* Begin PBXResourcesBuildPhase section */
		7DEDE18C1B331D7100AF11F2 /* Resources */ = {
			isa = PBXResourcesBuildPhase;
			buildActionMask = 2147483647;
			files = (
				7DEDE19D1B331D7100AF11F2 /* Main.storyboard in Resources */,
				7DEDE1A21B331D7100AF11F2 /* LaunchScreen.xib in Resources */,
				7DEDE19F1B331D7100AF11F2 /* Images.xcassets in Resources */,
			);
			runOnlyForDeploymentPostprocessing = 0;
		};
		7DEDE1A51B331D7100AF11F2 /* Resources */ = {
			isa = PBXResourcesBuildPhase;
			buildActionMask = 2147483647;
			files = (
			);
			runOnlyForDeploymentPostprocessing = 0;
		};
/* End PBXResourcesBuildPhase section */

/* Begin PBXSourcesBuildPhase section */
		7DEDE18A1B331D7100AF11F2 /* Sources */ = {
			isa = PBXSourcesBuildPhase;
			buildActionMask = 2147483647;
			files = (
				7DEDE19A1B331D7100AF11F2 /* MainViewController.m in Sources */,
				7DEDE1971B331D7100AF11F2 /* AppDelegate.m in Sources */,
				7DD2DF721B34BBB6006FB8E2 /* NetworkingController.m in Sources */,
				7DEDE1BF1B33261500AF11F2 /* CalculatorViewController.m in Sources */,
				7D7658481B39D2C000D4D6F4 /* EssentialStorageController.m in Sources */,
				7D76584B1B39D33600D4D6F4 /* EssentialFoodEntry.m in Sources */,
				7DEDE1BC1B331EA200AF11F2 /* FoodEntry.m in Sources */,
				7DEDE1941B331D7100AF11F2 /* main.m in Sources */,
				7DEDE1C81B3326EC00AF11F2 /* Calculator.m in Sources */,
				7D76584E1B3B0C3000D4D6F4 /* AddFoodEntryViewController.m in Sources */,
				7DD2DF761B34C06F006FB8E2 /* FoodStorageViewController.m in Sources */,
				7DEDE1B91B331E6000AF11F2 /* StorageController.m in Sources */,
				7DEDE1D21B336F3E00AF11F2 /* BarCodeViewController.m in Sources */,
				7DEDE1C51B3326DC00AF11F2 /* CalculatorController.m in Sources */,
			);
			runOnlyForDeploymentPostprocessing = 0;
		};
		7DEDE1A31B331D7100AF11F2 /* Sources */ = {
			isa = PBXSourcesBuildPhase;
			buildActionMask = 2147483647;
			files = (
				7DEDE1AE1B331D7100AF11F2 /* FoodStorageNSUTests.m in Sources */,
			);
			runOnlyForDeploymentPostprocessing = 0;
		};
/* End PBXSourcesBuildPhase section */

/* Begin PBXTargetDependency section */
		7DEDE1A91B331D7100AF11F2 /* PBXTargetDependency */ = {
			isa = PBXTargetDependency;
			target = 7DEDE18D1B331D7100AF11F2 /* FoodStorageNSU */;
			targetProxy = 7DEDE1A81B331D7100AF11F2 /* PBXContainerItemProxy */;
		};
/* End PBXTargetDependency section */

/* Begin PBXVariantGroup section */
		7DEDE19B1B331D7100AF11F2 /* Main.storyboard */ = {
			isa = PBXVariantGroup;
			children = (
				7DEDE19C1B331D7100AF11F2 /* Base */,
			);
			name = Main.storyboard;
			sourceTree = "<group>";
		};
		7DEDE1A01B331D7100AF11F2 /* LaunchScreen.xib */ = {
			isa = PBXVariantGroup;
			children = (
				7DEDE1A11B331D7100AF11F2 /* Base */,
			);
			name = LaunchScreen.xib;
			sourceTree = "<group>";
		};
/* End PBXVariantGroup section */

/* Begin XCBuildConfiguration section */
		7DEDE1AF1B331D7100AF11F2 /* Debug */ = {
			isa = XCBuildConfiguration;
			buildSettings = {
				ALWAYS_SEARCH_USER_PATHS = NO;
				CLANG_CXX_LANGUAGE_STANDARD = "gnu++0x";
				CLANG_CXX_LIBRARY = "libc++";
				CLANG_ENABLE_MODULES = YES;
				CLANG_ENABLE_OBJC_ARC = YES;
				CLANG_WARN_BOOL_CONVERSION = YES;
				CLANG_WARN_CONSTANT_CONVERSION = YES;
				CLANG_WARN_DIRECT_OBJC_ISA_USAGE = YES_ERROR;
				CLANG_WARN_EMPTY_BODY = YES;
				CLANG_WARN_ENUM_CONVERSION = YES;
				CLANG_WARN_INT_CONVERSION = YES;
				CLANG_WARN_OBJC_ROOT_CLASS = YES_ERROR;
				CLANG_WARN_UNREACHABLE_CODE = YES;
				CLANG_WARN__DUPLICATE_METHOD_MATCH = YES;
				"CODE_SIGN_IDENTITY[sdk=iphoneos*]" = "iPhone Developer";
				COPY_PHASE_STRIP = NO;
				DEBUG_INFORMATION_FORMAT = "dwarf-with-dsym";
				ENABLE_STRICT_OBJC_MSGSEND = YES;
				GCC_C_LANGUAGE_STANDARD = gnu99;
				GCC_DYNAMIC_NO_PIC = NO;
				GCC_NO_COMMON_BLOCKS = YES;
				GCC_OPTIMIZATION_LEVEL = 0;
				GCC_PREPROCESSOR_DEFINITIONS = (
					"DEBUG=1",
					"$(inherited)",
				);
				GCC_SYMBOLS_PRIVATE_EXTERN = NO;
				GCC_WARN_64_TO_32_BIT_CONVERSION = YES;
				GCC_WARN_ABOUT_RETURN_TYPE = YES_ERROR;
				GCC_WARN_UNDECLARED_SELECTOR = YES;
				GCC_WARN_UNINITIALIZED_AUTOS = YES_AGGRESSIVE;
				GCC_WARN_UNUSED_FUNCTION = YES;
				GCC_WARN_UNUSED_VARIABLE = YES;
				IPHONEOS_DEPLOYMENT_TARGET = 8.3;
				MTL_ENABLE_DEBUG_INFO = YES;
				ONLY_ACTIVE_ARCH = YES;
				SDKROOT = iphoneos;
				TARGETED_DEVICE_FAMILY = "1,2";
			};
			name = Debug;
		};
		7DEDE1B01B331D7100AF11F2 /* Release */ = {
			isa = XCBuildConfiguration;
			buildSettings = {
				ALWAYS_SEARCH_USER_PATHS = NO;
				CLANG_CXX_LANGUAGE_STANDARD = "gnu++0x";
				CLANG_CXX_LIBRARY = "libc++";
				CLANG_ENABLE_MODULES = YES;
				CLANG_ENABLE_OBJC_ARC = YES;
				CLANG_WARN_BOOL_CONVERSION = YES;
				CLANG_WARN_CONSTANT_CONVERSION = YES;
				CLANG_WARN_DIRECT_OBJC_ISA_USAGE = YES_ERROR;
				CLANG_WARN_EMPTY_BODY = YES;
				CLANG_WARN_ENUM_CONVERSION = YES;
				CLANG_WARN_INT_CONVERSION = YES;
				CLANG_WARN_OBJC_ROOT_CLASS = YES_ERROR;
				CLANG_WARN_UNREACHABLE_CODE = YES;
				CLANG_WARN__DUPLICATE_METHOD_MATCH = YES;
				"CODE_SIGN_IDENTITY[sdk=iphoneos*]" = "iPhone Developer";
				COPY_PHASE_STRIP = NO;
				DEBUG_INFORMATION_FORMAT = "dwarf-with-dsym";
				ENABLE_NS_ASSERTIONS = NO;
				ENABLE_STRICT_OBJC_MSGSEND = YES;
				GCC_C_LANGUAGE_STANDARD = gnu99;
				GCC_NO_COMMON_BLOCKS = YES;
				GCC_WARN_64_TO_32_BIT_CONVERSION = YES;
				GCC_WARN_ABOUT_RETURN_TYPE = YES_ERROR;
				GCC_WARN_UNDECLARED_SELECTOR = YES;
				GCC_WARN_UNINITIALIZED_AUTOS = YES_AGGRESSIVE;
				GCC_WARN_UNUSED_FUNCTION = YES;
				GCC_WARN_UNUSED_VARIABLE = YES;
				IPHONEOS_DEPLOYMENT_TARGET = 8.3;
				MTL_ENABLE_DEBUG_INFO = NO;
				SDKROOT = iphoneos;
				TARGETED_DEVICE_FAMILY = "1,2";
				VALIDATE_PRODUCT = YES;
			};
			name = Release;
		};
		7DEDE1B21B331D7100AF11F2 /* Debug */ = {
			isa = XCBuildConfiguration;
			buildSettings = {
				ASSETCATALOG_COMPILER_APPICON_NAME = AppIcon;
				INFOPLIST_FILE = FoodStorageNSU/Info.plist;
				LD_RUNPATH_SEARCH_PATHS = "$(inherited) @executable_path/Frameworks";
				PRODUCT_NAME = "$(TARGET_NAME)";
			};
			name = Debug;
		};
		7DEDE1B31B331D7100AF11F2 /* Release */ = {
			isa = XCBuildConfiguration;
			buildSettings = {
				ASSETCATALOG_COMPILER_APPICON_NAME = AppIcon;
				INFOPLIST_FILE = FoodStorageNSU/Info.plist;
				LD_RUNPATH_SEARCH_PATHS = "$(inherited) @executable_path/Frameworks";
				PRODUCT_NAME = "$(TARGET_NAME)";
			};
			name = Release;
		};
		7DEDE1B51B331D7100AF11F2 /* Debug */ = {
			isa = XCBuildConfiguration;
			buildSettings = {
				BUNDLE_LOADER = "$(TEST_HOST)";
				FRAMEWORK_SEARCH_PATHS = (
					"$(SDKROOT)/Developer/Library/Frameworks",
					"$(inherited)",
				);
				GCC_PREPROCESSOR_DEFINITIONS = (
					"DEBUG=1",
					"$(inherited)",
				);
				INFOPLIST_FILE = FoodStorageNSUTests/Info.plist;
				LD_RUNPATH_SEARCH_PATHS = "$(inherited) @executable_path/Frameworks @loader_path/Frameworks";
				PRODUCT_NAME = "$(TARGET_NAME)";
				TEST_HOST = "$(BUILT_PRODUCTS_DIR)/FoodStorageNSU.app/FoodStorageNSU";
			};
			name = Debug;
		};
		7DEDE1B61B331D7100AF11F2 /* Release */ = {
			isa = XCBuildConfiguration;
			buildSettings = {
				BUNDLE_LOADER = "$(TEST_HOST)";
				FRAMEWORK_SEARCH_PATHS = (
					"$(SDKROOT)/Developer/Library/Frameworks",
					"$(inherited)",
				);
				INFOPLIST_FILE = FoodStorageNSUTests/Info.plist;
				LD_RUNPATH_SEARCH_PATHS = "$(inherited) @executable_path/Frameworks @loader_path/Frameworks";
				PRODUCT_NAME = "$(TARGET_NAME)";
				TEST_HOST = "$(BUILT_PRODUCTS_DIR)/FoodStorageNSU.app/FoodStorageNSU";
			};
			name = Release;
		};
/* End XCBuildConfiguration section */

/* Begin XCConfigurationList section */
		7DEDE1891B331D7100AF11F2 /* Build configuration list for PBXProject "FoodStorageNSU" */ = {
			isa = XCConfigurationList;
			buildConfigurations = (
				7DEDE1AF1B331D7100AF11F2 /* Debug */,
				7DEDE1B01B331D7100AF11F2 /* Release */,
			);
			defaultConfigurationIsVisible = 0;
			defaultConfigurationName = Release;
		};
		7DEDE1B11B331D7100AF11F2 /* Build configuration list for PBXNativeTarget "FoodStorageNSU" */ = {
			isa = XCConfigurationList;
			buildConfigurations = (
				7DEDE1B21B331D7100AF11F2 /* Debug */,
				7DEDE1B31B331D7100AF11F2 /* Release */,
			);
			defaultConfigurationIsVisible = 0;
			defaultConfigurationName = Release;
		};
		7DEDE1B41B331D7100AF11F2 /* Build configuration list for PBXNativeTarget "FoodStorageNSUTests" */ = {
			isa = XCConfigurationList;
			buildConfigurations = (
				7DEDE1B51B331D7100AF11F2 /* Debug */,
				7DEDE1B61B331D7100AF11F2 /* Release */,
			);
			defaultConfigurationIsVisible = 0;
			defaultConfigurationName = Release;
		};
/* End XCConfigurationList section */
	};
	rootObject = 7DEDE1861B331D7100AF11F2 /* Project object */;
}
